{
    "_meta": {
        "hash": {
            "sha256": "128d3c3bbe4de290a9aa92b843f9bc9aeacd9ce8b070f43c95d077500c615120"
        },
        "pipfile-spec": 6,
        "requires": {
            "python_version": "3.7"
        },
        "sources": [
            {
                "name": "pypi",
                "url": "https://pypi.org/simple",
                "verify_ssl": true
            }
        ]
    },
    "default": {
        "dj-database-url": {
            "hashes": [
                "sha256:4aeaeb1f573c74835b0686a2b46b85990571159ffc21aa57ecd4d1e1cb334163",
                "sha256:851785365761ebe4994a921b433062309eb882fedd318e1b0fcecc607ed02da9"
            ],
            "index": "pypi",
            "version": "==0.5.0"
        },
        "django": {
            "hashes": [
                "sha256:1ffab268ada3d5684c05ba7ce776eaeedef360712358d6a6b340ae9f16486916",
                "sha256:dd46d87af4c1bf54f4c926c3cfa41dc2b5c15782f15e4329752ce65f5dad1c37"
            ],
            "index": "pypi",
            "version": "==2.1.3"
        },
        "gunicorn": {
            "hashes": [
                "sha256:aa8e0b40b4157b36a5df5e599f45c9c76d6af43845ba3b3b0efe2c70473c2471",
                "sha256:fa2662097c66f920f53f70621c6c58ca4a3c4d3434205e608e121b5b3b71f4f3"
            ],
            "index": "pypi",
            "version": "==19.9.0"
        },
        "psycopg2-binary": {
            "hashes": [
                "sha256:0d3ca99a80d6018d3ee9723c4d7e5cbe04d20032cdb49469e7db5c8945951ac8",
                "sha256:0f8a48ad5957bf420c3cc891417f1a41d363f33c00248d6c320d3910a2f7ab07",
                "sha256:3187730658f8be85c0e761b49e7a3763507ebadd2c68be78a0153ef43a261c2d",
                "sha256:35ecda69ea4ceb84e59dff47a6755b07069e45e1b18e50bccdd258da0bd42350",
                "sha256:4bac49711e8b6b023600571259b0792795d00518a0f32df68ca2c4f8d7cda8ea",
                "sha256:5f693cb5aa2ac94a62de3e45b2b0cba76c975daadeb4eaa26c64d302fcb7ca6c",
                "sha256:6804e5d1cdba2e84dce38353e827ae3b2262f2c2f784675e18802ee6252cc289",
                "sha256:6edd27d913be09c11a9894d54a67b7f1d7a4c130d06a8e76b0a8c22ffce74575",
                "sha256:7b82f6eb19ba0cdc0690191a33ba626c79b30d95d781d20fa63ea10197de1a61",
                "sha256:7ba143cce3fba6c2b115dc2aa88a6965d5208df3293a0c1d81f5234a1d88b728",
                "sha256:80bf63fa9493c82d72788376c7342a27b8c4f07971be405cbb886c6b025bebc8",
                "sha256:84389e0e8f4cf11fed55815a1eb7e4dc89513efedaf2a11e21ef1486a941b535",
                "sha256:855d0357b162fe6053649eb20f05c3ebeaeb19bf2772d878d518f9928ec8e3b2",
                "sha256:87a7988c1b741dd41a935aafc5927aa2ccd5672745f1f17994783c76b7912dd9",
                "sha256:8a724c63cf0e2089756c88e1257fe7f6261bf38711375cd1b1a9dbd68cbe2384",
                "sha256:8b1560aab51efe0ffb27eeafb7f1be3f138f8c7601198659de56ac36ae189f84",
                "sha256:8c77926ba1e4015a3d6c30d788e116ea70fa773227957afde8bd8a61a58e13f1",
                "sha256:9b1082f581660adf90b902b99e526cfd970ae9cd988d0ff3322300f60838fee4",
                "sha256:9c14cf1b3945d86dcf0d8b404d1327185a03511caa1d3225eeb344b74a85b138",
                "sha256:9f49ca00e49dac93663927c4c8c2758b97463bab65ceb932157cc4c114d39d21",
                "sha256:a511dfeb956f44ceacd5e9e23cf325da240c347a406b31dd536aefa120d0fefb",
                "sha256:a574db4c96e38ddb8a40f1dbf3c906949e9923420a480810d22b7b78f61e0596",
                "sha256:a84f39e0efe7dcc8d2a34be976c2c5508bace6d703979730bb9021f6cce5dd0e",
                "sha256:ac6b117abb4bd257d5f6b25cca060e74f3e2e038faa5c05d201335aa4657935d",
                "sha256:b4fb3e647aca98c00eaf9f15de89a9287ebbcd873a8e3e3dcee6df91766a2734",
                "sha256:bad2695ada7727f976c2aa3ad5a9ea68c486076deb8378e004b789e48f8d175b",
                "sha256:bc5fa1a9b29c0f2ab2f706c5079b44f35002530ae39b609b6fcb80e5a70178e3",
                "sha256:e34e85a2868a5853f3f66ef1b04700e3e2ca92f0af09dc4060e57e8a295b2871",
                "sha256:e42e969cb4292a550b54f5436b6f52cc35fd5b6209859710c42892368308a544",
                "sha256:fedc1f64714a32c01503f39ac3da2ed21dbceaa534107b3c9c617be63971d7b6"
            ],
            "index": "pypi",
            "version": "==2.7.6"
        },
        "pytz": {
            "hashes": [
                "sha256:31cb35c89bd7d333cd32c5f278fca91b523b0834369e757f4c5641ea252236ca",
                "sha256:8e0f8568c118d3077b46be7d654cc8167fa916092e28320cde048e54bfc9f1e6"
            ],
            "version": "==2018.7"
        },
        "whitenoise": {
            "hashes": [
                "sha256:b1ddbce083c51a064da5e99dacbfff38b291d8436b6fd75156a3bb2265c55d39",
                "sha256:d3609f505db173be501e8a5549d396e6013543fe126ee073b435833fc3403306"
            ],
            "index": "pypi",
            "version": "==4.1.1"
        }
    },
    "develop": {}
}
